
Microsoft Visual Studio Solution File, Format Version 12.00
# Visual Studio 15
VisualStudioVersion = 15.0.26228.9
MinimumVisualStudioVersion = 10.0.40219.1
Project("{FAE04EC0-301F-11D3-BF4B-00C04F79EFBC}") = "KenticoOnboardingCs.Api", "KenticoOnboardingCs.Api\KenticoOnboardingCs.Api.csproj", "{CD445084-7158-4B9B-B774-C2AC376C9585}"
EndProject
Project("{FAE04EC0-301F-11D3-BF4B-00C04F79EFBC}") = "KenticoOnboardingCs.Api.Tests", "KenticoOnboardingCs.Api.Tests\KenticoOnboardingCs.Api.Tests.csproj", "{561FDB26-184D-4CBD-B846-AC2B2F69C442}"
EndProject
Global
	GlobalSection(SolutionConfigurationPlatforms) = preSolution
		Debug|Any CPU = Debug|Any CPU
		Release|Any CPU = Release|Any CPU
	EndGlobalSection
	GlobalSection(ProjectConfigurationPlatforms) = postSolution
		{CD445084-7158-4B9B-B774-C2AC376C9585}.Debug|Any CPU.ActiveCfg = Debug|Any CPU
		{CD445084-7158-4B9B-B774-C2AC376C9585}.Debug|Any CPU.Build.0 = Debug|Any CPU
		{CD445084-7158-4B9B-B774-C2AC376C9585}.Release|Any CPU.ActiveCfg = Release|Any CPU
		{CD445084-7158-4B9B-B774-C2AC376C9585}.Release|Any CPU.Build.0 = Release|Any CPU
		{561FDB26-184D-4CBD-B846-AC2B2F69C442}.Debug|Any CPU.ActiveCfg = Debug|Any CPU
		{561FDB26-184D-4CBD-B846-AC2B2F69C442}.Debug|Any CPU.Build.0 = Debug|Any CPU
		{561FDB26-184D-4CBD-B846-AC2B2F69C442}.Release|Any CPU.ActiveCfg = Release|Any CPU
		{561FDB26-184D-4CBD-B846-AC2B2F69C442}.Release|Any CPU.Build.0 = Release|Any CPU
	EndGlobalSection
	GlobalSection(SolutionProperties) = preSolution
		HideSolutionNode = FALSE
	EndGlobalSection
EndGlobal
